{
    "version": 3,
    "terraform_version": "0.11.13",
    "serial": 2,
    "lineage": "51265512-5444-31a5-335e-58b6931196c0",
    "modules": [
        {
            "path": [
                "root"
            ],
            "outputs": {
                "name_servers": {
                    "sensitive": false,
                    "type": "list",
                    "value": [
                        "ns-gcp-private.googledomains.com."
                    ]
                }
            },
            "resources": {},
            "depends_on": []
        },
        {
            "path": [
                "root",
                "dns-private-zone"
            ],
            "outputs": {
                "domain": {
                    "sensitive": false,
                    "type": "string",
                    "value": "foo.local."
                },
                "name": {
                    "sensitive": false,
                    "type": "string",
                    "value": "foo-local"
                },
                "name_servers": {
                    "sensitive": false,
                    "type": "list",
                    "value": [
                        "ns-gcp-private.googledomains.com."
                    ]
                },
                "zone_type": {
                    "sensitive": false,
                    "type": "string",
                    "value": "private"
                }
            },
            "resources": {
                "google_dns_managed_zone.private": {
                    "type": "google_dns_managed_zone",
                    "depends_on": [],
                    "primary": {
                        "id": "foo-local",
                        "attributes": {
                            "description": "Terraform-managed zone.",
                            "dns_name": "foo.local.",
                            "dnssec_config.#": "0",
                            "id": "foo-local",
                            "labels.%": "0",
                            "name": "foo-local",
                            "name_servers.#": "1",
                            "name_servers.0": "ns-gcp-private.googledomains.com.",
                            "private_visibility_config.#": "1",
                            "private_visibility_config.0.networks.#": "1",
                            "private_visibility_config.0.networks.328004795.network_url": "https://www.googleapis.com/compute/v1/projects/ludo-tf-playground/global/networks/shared",
                            "project": "ludo-tf-playground",
                            "visibility": "private"
                        },
                        "meta": {
                            "e2bfb730-ecaa-11e6-8f88-34363bc7c4c0": {
                                "create": 240000000000,
                                "delete": 240000000000,
                                "update": 240000000000
                            }
                        },
                        "tainted": false
                    },
                    "deposed": [],
                    "provider": "provider.google"
                },
                "google_dns_record_set.cloud-static-records": {
                    "type": "google_dns_record_set",
                    "depends_on": [
                        "google_dns_managed_zone.private",
                        "google_dns_managed_zone.public",
                        "local.is_static_zone"
                    ],
                    "primary": {
                        "id": "foo-local/localhost.foo.local./A",
                        "attributes": {
                            "id": "foo-local/localhost.foo.local./A",
                            "managed_zone": "foo-local",
                            "name": "localhost.foo.local.",
                            "project": "ludo-tf-playground",
                            "rrdatas.#": "1",
                            "rrdatas.0": "127.0.0.1",
                            "ttl": "300",
                            "type": "A"
                        },
                        "meta": {},
                        "tainted": false
                    },
                    "deposed": [],
                    "provider": "provider.google"
                }
            },
            "depends_on": []
        }
    ]
}
